# This file is automatically @generated by Poetry 1.6.1 and should not be changed by hand.

[[package]]
name = "astpretty"
version = "3.0.0"
description = "Pretty print the output of python stdlib `ast.parse`."
optional = false
python-versions = ">=3.8"
files = [
    {file = "astpretty-3.0.0-py2.py3-none-any.whl", hash = "sha256:15bfd47593667169485a1fa7938b8de9445b11057d6f2b6e214b2f70667f94b6"},
    {file = "astpretty-3.0.0.tar.gz", hash = "sha256:b08c95f32e5994454ea99882ff3c4a0afc8254c38998a0ed4b479dba448dc581"},
]

[[package]]
name = "attrs"
version = "22.1.0"
description = "Classes Without Boilerplate"
optional = false
python-versions = ">=3.5"
files = [
    {file = "attrs-22.1.0-py2.py3-none-any.whl", hash = "sha256:86efa402f67bf2df34f51a335487cf46b1ec130d02b8d39fd248abfd30da551c"},
    {file = "attrs-22.1.0.tar.gz", hash = "sha256:29adc2665447e5191d0e7c568fde78b21f9672d344281d0c6e1ab085429b22b6"},
]

[package.extras]
dev = ["cloudpickle", "coverage[toml] (>=5.0.2)", "furo", "hypothesis", "mypy (>=0.900,!=0.940)", "pre-commit", "pympler", "pytest (>=4.3.0)", "pytest-mypy-plugins", "sphinx", "sphinx-notfound-page", "zope.interface"]
docs = ["furo", "sphinx", "sphinx-notfound-page", "zope.interface"]
tests = ["cloudpickle", "coverage[toml] (>=5.0.2)", "hypothesis", "mypy (>=0.900,!=0.940)", "pympler", "pytest (>=4.3.0)", "pytest-mypy-plugins", "zope.interface"]
tests-no-zope = ["cloudpickle", "coverage[toml] (>=5.0.2)", "hypothesis", "mypy (>=0.900,!=0.940)", "pympler", "pytest (>=4.3.0)", "pytest-mypy-plugins"]

[[package]]
name = "autopep8"
version = "2.0.0"
description = "A tool that automatically formats Python code to conform to the PEP 8 style guide"
optional = false
python-versions = "*"
files = [
    {file = "autopep8-2.0.0-py2.py3-none-any.whl", hash = "sha256:ad924b42c2e27a1ac58e432166cc4588f5b80747de02d0d35b1ecbd3e7d57207"},
    {file = "autopep8-2.0.0.tar.gz", hash = "sha256:8b1659c7f003e693199f52caffdc06585bb0716900bbc6a7442fd931d658c077"},
]

[package.dependencies]
pycodestyle = ">=2.9.1"
tomli = "*"

[[package]]
name = "cognitive-complexity"
version = "1.3.0"
description = "Library to calculate Python functions cognitive complexity via code"
optional = false
python-versions = ">=3.6"
files = [
    {file = "cognitive_complexity-1.3.0.tar.gz", hash = "sha256:a0cfbd47dee0b19f4056f892389f501694b205c3af69fb703cc744541e03dde5"},
]

[package.dependencies]
setuptools = "*"

[[package]]
name = "colorama"
version = "0.4.5"
description = "Cross-platform colored terminal text."
optional = false
python-versions = ">=2.7, !=3.0.*, !=3.1.*, !=3.2.*, !=3.3.*, !=3.4.*"
files = [
    {file = "colorama-0.4.5-py2.py3-none-any.whl", hash = "sha256:854bf444933e37f5824ae7bfc1e98d5bce2ebe4160d46b5edf346a89358e99da"},
    {file = "colorama-0.4.5.tar.gz", hash = "sha256:e6c6b4334fc50988a639d9b98aa429a0b57da6e17b9a44f0451f930b6967b7a4"},
]

[[package]]
name = "commonmark"
version = "0.9.1"
description = "Python parser for the CommonMark Markdown spec"
optional = false
python-versions = "*"
files = [
    {file = "commonmark-0.9.1-py2.py3-none-any.whl", hash = "sha256:da2f38c92590f83de410ba1a3cbceafbc74fee9def35f9251ba9a971d6d66fd9"},
    {file = "commonmark-0.9.1.tar.gz", hash = "sha256:452f9dc859be7f06631ddcb328b6919c67984aca654e5fefb3914d54691aed60"},
]

[package.extras]
test = ["flake8 (==3.7.8)", "hypothesis (==3.55.3)"]

[[package]]
name = "coverage"
version = "7.3.0"
description = "Code coverage measurement for Python"
optional = false
python-versions = ">=3.8"
files = [
    {file = "coverage-7.3.0-cp310-cp310-macosx_10_9_x86_64.whl", hash = "sha256:db76a1bcb51f02b2007adacbed4c88b6dee75342c37b05d1822815eed19edee5"},
    {file = "coverage-7.3.0-cp310-cp310-macosx_11_0_arm64.whl", hash = "sha256:c02cfa6c36144ab334d556989406837336c1d05215a9bdf44c0bc1d1ac1cb637"},
    {file = "coverage-7.3.0-cp310-cp310-manylinux_2_17_aarch64.manylinux2014_aarch64.whl", hash = "sha256:477c9430ad5d1b80b07f3c12f7120eef40bfbf849e9e7859e53b9c93b922d2af"},
    {file = "coverage-7.3.0-cp310-cp310-manylinux_2_5_i686.manylinux1_i686.manylinux_2_17_i686.manylinux2014_i686.whl", hash = "sha256:ce2ee86ca75f9f96072295c5ebb4ef2a43cecf2870b0ca5e7a1cbdd929cf67e1"},
    {file = "coverage-7.3.0-cp310-cp310-manylinux_2_5_x86_64.manylinux1_x86_64.manylinux_2_17_x86_64.manylinux2014_x86_64.whl", hash = "sha256:68d8a0426b49c053013e631c0cdc09b952d857efa8f68121746b339912d27a12"},
    {file = "coverage-7.3.0-cp310-cp310-musllinux_1_1_aarch64.whl", hash = "sha256:b3eb0c93e2ea6445b2173da48cb548364f8f65bf68f3d090404080d338e3a689"},
    {file = "coverage-7.3.0-cp310-cp310-musllinux_1_1_i686.whl", hash = "sha256:90b6e2f0f66750c5a1178ffa9370dec6c508a8ca5265c42fbad3ccac210a7977"},
    {file = "coverage-7.3.0-cp310-cp310-musllinux_1_1_x86_64.whl", hash = "sha256:96d7d761aea65b291a98c84e1250cd57b5b51726821a6f2f8df65db89363be51"},
    {file = "coverage-7.3.0-cp310-cp310-win32.whl", hash = "sha256:63c5b8ecbc3b3d5eb3a9d873dec60afc0cd5ff9d9f1c75981d8c31cfe4df8527"},
    {file = "coverage-7.3.0-cp310-cp310-win_amd64.whl", hash = "sha256:97c44f4ee13bce914272589b6b41165bbb650e48fdb7bd5493a38bde8de730a1"},
    {file = "coverage-7.3.0-cp311-cp311-macosx_10_9_x86_64.whl", hash = "sha256:74c160285f2dfe0acf0f72d425f3e970b21b6de04157fc65adc9fd07ee44177f"},
    {file = "coverage-7.3.0-cp311-cp311-macosx_11_0_arm64.whl", hash = "sha256:b543302a3707245d454fc49b8ecd2c2d5982b50eb63f3535244fd79a4be0c99d"},
    {file = "coverage-7.3.0-cp311-cp311-manylinux_2_17_aarch64.manylinux2014_aarch64.whl", hash = "sha256:ad0f87826c4ebd3ef484502e79b39614e9c03a5d1510cfb623f4a4a051edc6fd"},
    {file = "coverage-7.3.0-cp311-cp311-manylinux_2_5_i686.manylinux1_i686.manylinux_2_17_i686.manylinux2014_i686.whl", hash = "sha256:13c6cbbd5f31211d8fdb477f0f7b03438591bdd077054076eec362cf2207b4a7"},
    {file = "coverage-7.3.0-cp311-cp311-manylinux_2_5_x86_64.manylinux1_x86_64.manylinux_2_17_x86_64.manylinux2014_x86_64.whl", hash = "sha256:fac440c43e9b479d1241fe9d768645e7ccec3fb65dc3a5f6e90675e75c3f3e3a"},
    {file = "coverage-7.3.0-cp311-cp311-musllinux_1_1_aarch64.whl", hash = "sha256:3c9834d5e3df9d2aba0275c9f67989c590e05732439b3318fa37a725dff51e74"},
    {file = "coverage-7.3.0-cp311-cp311-musllinux_1_1_i686.whl", hash = "sha256:4c8e31cf29b60859876474034a83f59a14381af50cbe8a9dbaadbf70adc4b214"},
    {file = "coverage-7.3.0-cp311-cp311-musllinux_1_1_x86_64.whl", hash = "sha256:7a9baf8e230f9621f8e1d00c580394a0aa328fdac0df2b3f8384387c44083c0f"},
    {file = "coverage-7.3.0-cp311-cp311-win32.whl", hash = "sha256:ccc51713b5581e12f93ccb9c5e39e8b5d4b16776d584c0f5e9e4e63381356482"},
    {file = "coverage-7.3.0-cp311-cp311-win_amd64.whl", hash = "sha256:887665f00ea4e488501ba755a0e3c2cfd6278e846ada3185f42d391ef95e7e70"},
    {file = "coverage-7.3.0-cp312-cp312-macosx_10_9_x86_64.whl", hash = "sha256:d000a739f9feed900381605a12a61f7aaced6beae832719ae0d15058a1e81c1b"},
    {file = "coverage-7.3.0-cp312-cp312-macosx_11_0_arm64.whl", hash = "sha256:59777652e245bb1e300e620ce2bef0d341945842e4eb888c23a7f1d9e143c446"},
    {file = "coverage-7.3.0-cp312-cp312-manylinux_2_17_aarch64.manylinux2014_aarch64.whl", hash = "sha256:c9737bc49a9255d78da085fa04f628a310c2332b187cd49b958b0e494c125071"},
    {file = "coverage-7.3.0-cp312-cp312-manylinux_2_5_i686.manylinux1_i686.manylinux_2_17_i686.manylinux2014_i686.whl", hash = "sha256:5247bab12f84a1d608213b96b8af0cbb30d090d705b6663ad794c2f2a5e5b9fe"},
    {file = "coverage-7.3.0-cp312-cp312-manylinux_2_5_x86_64.manylinux1_x86_64.manylinux_2_17_x86_64.manylinux2014_x86_64.whl", hash = "sha256:e2ac9a1de294773b9fa77447ab7e529cf4fe3910f6a0832816e5f3d538cfea9a"},
    {file = "coverage-7.3.0-cp312-cp312-musllinux_1_1_aarch64.whl", hash = "sha256:85b7335c22455ec12444cec0d600533a238d6439d8d709d545158c1208483873"},
    {file = "coverage-7.3.0-cp312-cp312-musllinux_1_1_i686.whl", hash = "sha256:36ce5d43a072a036f287029a55b5c6a0e9bd73db58961a273b6dc11a2c6eb9c2"},
    {file = "coverage-7.3.0-cp312-cp312-musllinux_1_1_x86_64.whl", hash = "sha256:211a4576e984f96d9fce61766ffaed0115d5dab1419e4f63d6992b480c2bd60b"},
    {file = "coverage-7.3.0-cp312-cp312-win32.whl", hash = "sha256:56afbf41fa4a7b27f6635bc4289050ac3ab7951b8a821bca46f5b024500e6321"},
    {file = "coverage-7.3.0-cp312-cp312-win_amd64.whl", hash = "sha256:7f297e0c1ae55300ff688568b04ff26b01c13dfbf4c9d2b7d0cb688ac60df479"},
    {file = "coverage-7.3.0-cp38-cp38-macosx_10_9_x86_64.whl", hash = "sha256:ac0dec90e7de0087d3d95fa0533e1d2d722dcc008bc7b60e1143402a04c117c1"},
    {file = "coverage-7.3.0-cp38-cp38-macosx_11_0_arm64.whl", hash = "sha256:438856d3f8f1e27f8e79b5410ae56650732a0dcfa94e756df88c7e2d24851fcd"},
    {file = "coverage-7.3.0-cp38-cp38-manylinux_2_17_aarch64.manylinux2014_aarch64.whl", hash = "sha256:1084393c6bda8875c05e04fce5cfe1301a425f758eb012f010eab586f1f3905e"},
    {file = "coverage-7.3.0-cp38-cp38-manylinux_2_5_i686.manylinux1_i686.manylinux_2_17_i686.manylinux2014_i686.whl", hash = "sha256:49ab200acf891e3dde19e5aa4b0f35d12d8b4bd805dc0be8792270c71bd56c54"},
    {file = "coverage-7.3.0-cp38-cp38-manylinux_2_5_x86_64.manylinux1_x86_64.manylinux_2_17_x86_64.manylinux2014_x86_64.whl", hash = "sha256:a67e6bbe756ed458646e1ef2b0778591ed4d1fcd4b146fc3ba2feb1a7afd4254"},
    {file = "coverage-7.3.0-cp38-cp38-musllinux_1_1_aarch64.whl", hash = "sha256:8f39c49faf5344af36042b293ce05c0d9004270d811c7080610b3e713251c9b0"},
    {file = "coverage-7.3.0-cp38-cp38-musllinux_1_1_i686.whl", hash = "sha256:7df91fb24c2edaabec4e0eee512ff3bc6ec20eb8dccac2e77001c1fe516c0c84"},
    {file = "coverage-7.3.0-cp38-cp38-musllinux_1_1_x86_64.whl", hash = "sha256:34f9f0763d5fa3035a315b69b428fe9c34d4fc2f615262d6be3d3bf3882fb985"},
    {file = "coverage-7.3.0-cp38-cp38-win32.whl", hash = "sha256:bac329371d4c0d456e8d5f38a9b0816b446581b5f278474e416ea0c68c47dcd9"},
    {file = "coverage-7.3.0-cp38-cp38-win_amd64.whl", hash = "sha256:b859128a093f135b556b4765658d5d2e758e1fae3e7cc2f8c10f26fe7005e543"},
    {file = "coverage-7.3.0-cp39-cp39-macosx_10_9_x86_64.whl", hash = "sha256:fc0ed8d310afe013db1eedd37176d0839dc66c96bcfcce8f6607a73ffea2d6ba"},
    {file = "coverage-7.3.0-cp39-cp39-macosx_11_0_arm64.whl", hash = "sha256:e61260ec93f99f2c2d93d264b564ba912bec502f679793c56f678ba5251f0393"},
    {file = "coverage-7.3.0-cp39-cp39-manylinux_2_17_aarch64.manylinux2014_aarch64.whl", hash = "sha256:97af9554a799bd7c58c0179cc8dbf14aa7ab50e1fd5fa73f90b9b7215874ba28"},
    {file = "coverage-7.3.0-cp39-cp39-manylinux_2_5_i686.manylinux1_i686.manylinux_2_17_i686.manylinux2014_i686.whl", hash = "sha256:3558e5b574d62f9c46b76120a5c7c16c4612dc2644c3d48a9f4064a705eaee95"},
    {file = "coverage-7.3.0-cp39-cp39-manylinux_2_5_x86_64.manylinux1_x86_64.manylinux_2_17_x86_64.manylinux2014_x86_64.whl", hash = "sha256:37d5576d35fcb765fca05654f66aa71e2808d4237d026e64ac8b397ffa66a56a"},
    {file = "coverage-7.3.0-cp39-cp39-musllinux_1_1_aarch64.whl", hash = "sha256:07ea61bcb179f8f05ffd804d2732b09d23a1238642bf7e51dad62082b5019b34"},
    {file = "coverage-7.3.0-cp39-cp39-musllinux_1_1_i686.whl", hash = "sha256:80501d1b2270d7e8daf1b64b895745c3e234289e00d5f0e30923e706f110334e"},
    {file = "coverage-7.3.0-cp39-cp39-musllinux_1_1_x86_64.whl", hash = "sha256:4eddd3153d02204f22aef0825409091a91bf2a20bce06fe0f638f5c19a85de54"},
    {file = "coverage-7.3.0-cp39-cp39-win32.whl", hash = "sha256:2d22172f938455c156e9af2612650f26cceea47dc86ca048fa4e0b2d21646ad3"},
    {file = "coverage-7.3.0-cp39-cp39-win_amd64.whl", hash = "sha256:60f64e2007c9144375dd0f480a54d6070f00bb1a28f65c408370544091c9bc9e"},
    {file = "coverage-7.3.0-pp38.pp39.pp310-none-any.whl", hash = "sha256:5492a6ce3bdb15c6ad66cb68a0244854d9917478877a25671d70378bdc8562d0"},
    {file = "coverage-7.3.0.tar.gz", hash = "sha256:49dbb19cdcafc130f597d9e04a29d0a032ceedf729e41b181f51cd170e6ee865"},
]

[package.dependencies]
tomli = {version = "*", optional = true, markers = "python_full_version <= \"3.11.0a6\" and extra == \"toml\""}

[package.extras]
toml = ["tomli"]

[[package]]
name = "coverage-threshold"
version = "0.4.4"
description = "Tools for coverage threshold limits"
optional = false
python-versions = ">=3.7"
files = [
    {file = "coverage_threshold-0.4.4-py3-none-any.whl", hash = "sha256:0668e63470ff918fe989af6a4917bfe133e663d25970a306dd0693a3f377f2fb"},
    {file = "coverage_threshold-0.4.4.tar.gz", hash = "sha256:bfd521df1c730e8e34ed66fe95dfa8f079760e763c611cabe84b0779e007898a"},
]

[package.dependencies]
toml = ">=0.10.2"

[[package]]
name = "exceptiongroup"
version = "1.0.4"
description = "Backport of PEP 654 (exception groups)"
optional = false
python-versions = ">=3.7"
files = [
    {file = "exceptiongroup-1.0.4-py3-none-any.whl", hash = "sha256:542adf9dea4055530d6e1279602fa5cb11dab2395fa650b8674eaec35fc4a828"},
    {file = "exceptiongroup-1.0.4.tar.gz", hash = "sha256:bd14967b79cd9bdb54d97323216f8fdf533e278df937aa2a90089e7d6e06e5ec"},
]

[package.extras]
test = ["pytest (>=6)"]

[[package]]
name = "faker"
version = "19.6.0"
description = "Faker is a Python package that generates fake data for you."
optional = false
python-versions = ">=3.8"
files = [
    {file = "Faker-19.6.0-py3-none-any.whl", hash = "sha256:7cf705758f6cc5dd31f628e323f306a6d881e9a8a103f1e32e5f30a4cad0974c"},
    {file = "Faker-19.6.0.tar.gz", hash = "sha256:d79d5ea59f31e00fbb882546840a4adb2fd0bae99b103db1ba5869f176bc530b"},
]

[package.dependencies]
python-dateutil = ">=2.4"

[[package]]
name = "flake8"
version = "6.1.0"
description = "the modular source code checker: pep8 pyflakes and co"
optional = false
python-versions = ">=3.8.1"
files = [
    {file = "flake8-6.1.0-py2.py3-none-any.whl", hash = "sha256:ffdfce58ea94c6580c77888a86506937f9a1a227dfcd15f245d694ae20a6b6e5"},
    {file = "flake8-6.1.0.tar.gz", hash = "sha256:d5b3857f07c030bdb5bf41c7f53799571d75c4491748a3adcd47de929e34cd23"},
]

[package.dependencies]
mccabe = ">=0.7.0,<0.8.0"
pycodestyle = ">=2.11.0,<2.12.0"
pyflakes = ">=3.1.0,<3.2.0"

[[package]]
name = "flake8-annotations-complexity"
version = "0.0.7"
description = "A flake8 extension that checks for type annotations complexity"
optional = false
python-versions = ">=3.7"
files = [
    {file = "flake8_annotations_complexity-0.0.7-py3-none-any.whl", hash = "sha256:a1410f5b964927032471ce99932d1670d28ea323b50400b45cc14575be070508"},
    {file = "flake8_annotations_complexity-0.0.7.tar.gz", hash = "sha256:2ecd93375e3dee0d4e11e476087a52fa985c47bc049015ff04a9de38fc0c4dfd"},
]

[package.dependencies]
flake8 = "*"

[[package]]
name = "flake8-blind-except"
version = "0.2.1"
description = "A flake8 extension that checks for blind except: statements"
optional = false
python-versions = "*"
files = [
    {file = "flake8-blind-except-0.2.1.tar.gz", hash = "sha256:f25a575a9dcb3eeb3c760bf9c22db60b8b5a23120224ed1faa9a43f75dd7dd16"},
]

[[package]]
name = "flake8-bugbear"
version = "23.7.10"
description = "A plugin for flake8 finding likely bugs and design problems in your program. Contains warnings that don't belong in pyflakes and pycodestyle."
optional = false
python-versions = ">=3.8.1"
files = [
    {file = "flake8-bugbear-23.7.10.tar.gz", hash = "sha256:0ebdc7d8ec1ca8bd49347694562381f099f4de2f8ec6bda7a7dca65555d9e0d4"},
    {file = "flake8_bugbear-23.7.10-py3-none-any.whl", hash = "sha256:d99d005114020fbef47ed5e4aebafd22f167f9a0fbd0d8bf3c9e90612cb25c34"},
]

[package.dependencies]
attrs = ">=19.2.0"
flake8 = ">=6.0.0"

[package.extras]
dev = ["coverage", "hypothesis", "hypothesmith (>=0.2)", "pre-commit", "pytest", "tox"]

[[package]]
name = "flake8-builtins"
version = "2.1.0"
description = "Check for python builtins being used as variables or parameters."
optional = false
python-versions = ">=3.7"
files = [
    {file = "flake8-builtins-2.1.0.tar.gz", hash = "sha256:12ff1ee96dd4e1f3141141ee6c45a5c7d3b3c440d0949e9b8d345c42b39c51d4"},
    {file = "flake8_builtins-2.1.0-py3-none-any.whl", hash = "sha256:469e8f03d6d0edf4b1e62b6d5a97dce4598592c8a13ec8f0952e7a185eba50a1"},
]

[package.dependencies]
flake8 = "*"

[package.extras]
test = ["pytest"]

[[package]]
name = "flake8-cognitive-complexity"
version = "0.1.0"
description = "An extension for flake8 that validates cognitive functions complexity"
optional = false
python-versions = ">=3.6"
files = [
    {file = "flake8_cognitive_complexity-0.1.0.tar.gz", hash = "sha256:f202df054e4f6ff182b659c261922b9c684628a47beb19cb0973c50d6a7831c1"},
]

[package.dependencies]
cognitive_complexity = "*"
setuptools = "*"

[[package]]
name = "flake8-comprehensions"
version = "3.14.0"
description = "A flake8 plugin to help you write better list/set/dict comprehensions."
optional = false
python-versions = ">=3.8"
files = [
    {file = "flake8_comprehensions-3.14.0-py3-none-any.whl", hash = "sha256:7b9d07d94aa88e62099a6d1931ddf16c344d4157deedf90fe0d8ee2846f30e97"},
    {file = "flake8_comprehensions-3.14.0.tar.gz", hash = "sha256:81768c61bfc064e1a06222df08a2580d97de10cb388694becaf987c331c6c0cf"},
]

[package.dependencies]
flake8 = ">=3.0,<3.2.0 || >3.2.0"

[[package]]
name = "flake8-docstrings"
version = "1.7.0"
description = "Extension for flake8 which uses pydocstyle to check docstrings"
optional = false
python-versions = ">=3.7"
files = [
    {file = "flake8_docstrings-1.7.0-py2.py3-none-any.whl", hash = "sha256:51f2344026da083fc084166a9353f5082b01f72901df422f74b4d953ae88ac75"},
    {file = "flake8_docstrings-1.7.0.tar.gz", hash = "sha256:4c8cc748dc16e6869728699e5d0d685da9a10b0ea718e090b1ba088e67a941af"},
]

[package.dependencies]
flake8 = ">=3"
pydocstyle = ">=2.1"

[[package]]
name = "flake8-expression-complexity"
version = "0.0.11"
description = "A flake8 extension that checks expressions complexity"
optional = false
python-versions = ">=3.7"
files = [
    {file = "flake8_expression_complexity-0.0.11-py3-none-any.whl", hash = "sha256:b56bac37f7dd5d3d102a7111c89f6579c2cbd897b868147794c9ed12aadc627c"},
    {file = "flake8_expression_complexity-0.0.11.tar.gz", hash = "sha256:4dd8909fecbc20f53814cdcef9d0b04f61532764278d9b6e8026686812e96631"},
]

[package.dependencies]
astpretty = "*"
flake8 = "*"

[[package]]
name = "flake8-mutable"
version = "1.2.0"
description = "mutable defaults flake8 extension"
optional = false
python-versions = "*"
files = [
    {file = "flake8-mutable-1.2.0.tar.gz", hash = "sha256:ee9b77111b867d845177bbc289d87d541445ffcc6029a0c5c65865b42b18c6a6"},
    {file = "flake8_mutable-1.2.0-py2-none-any.whl", hash = "sha256:38fd9dadcbcda6550a916197bc40ed76908119dabb37fbcca30873666c31d2d5"},
]

[package.dependencies]
flake8 = "*"

[[package]]
name = "flake8-plugin-utils"
version = "1.3.2"
description = "The package provides base classes and utils for flake8 plugin writing"
optional = false
python-versions = ">=3.6,<4.0"
files = [
    {file = "flake8-plugin-utils-1.3.2.tar.gz", hash = "sha256:20fa2a8ca2decac50116edb42e6af0a1253ef639ad79941249b840531889c65a"},
    {file = "flake8_plugin_utils-1.3.2-py3-none-any.whl", hash = "sha256:1fe43e3e9acf3a7c0f6b88f5338cad37044d2f156c43cb6b080b5f9da8a76f06"},
]

[[package]]
name = "flake8-polyfill"
version = "1.0.2"
description = "Polyfill package for Flake8 plugins"
optional = false
python-versions = "*"
files = [
    {file = "flake8-polyfill-1.0.2.tar.gz", hash = "sha256:e44b087597f6da52ec6393a709e7108b2905317d0c0b744cdca6208e670d8eda"},
    {file = "flake8_polyfill-1.0.2-py2.py3-none-any.whl", hash = "sha256:12be6a34ee3ab795b19ca73505e7b55826d5f6ad7230d31b18e106400169b9e9"},
]

[package.dependencies]
flake8 = "*"

[[package]]
name = "flake8-pytest-style"
version = "1.7.0"
description = "A flake8 plugin checking common style issues or inconsistencies with pytest-based tests."
optional = false
python-versions = ">=3.7.2,<4.0.0"
files = [
    {file = "flake8_pytest_style-1.7.0-py3-none-any.whl", hash = "sha256:b8a08ee7778426f9e1adb9fc054be73e5593a639aa785907b43ef6f51368a0d0"},
    {file = "flake8_pytest_style-1.7.0.tar.gz", hash = "sha256:211920ad66f436b39afd9c4e386e83b0312ef47e33d8b9d339873a0a3695ebf9"},
]

[package.dependencies]
flake8-plugin-utils = ">=1.3.2,<2.0.0"

[[package]]
name = "flake8-spellcheck"
version = "0.28.0"
description = "Spellcheck variables, comments and docstrings"
optional = false
python-versions = ">=3.8"
files = [
    {file = "flake8-spellcheck-0.28.0.tar.gz", hash = "sha256:6fb79724f27097af0b4c678c7eaf731f0d87cf4c1eae7fbd7836c1c78d67e12c"},
    {file = "flake8_spellcheck-0.28.0-py3-none-any.whl", hash = "sha256:a0a37164b9175819b143ce0f0a8d2475457af3f0d77cd8423b0daf204662ee72"},
]

[package.dependencies]
flake8 = ">3.0.0"

[[package]]
name = "flake8-variables-names"
version = "0.0.5"
description = "A flake8 extension that helps to make more readable variables names"
optional = false
python-versions = ">=3.7"
files = [
    {file = "flake8_variables_names-0.0.5-py3-none-any.whl", hash = "sha256:e3277031696bbe10b5132b49938cde1d70fcae9561533b7bd7ab8e69cb27addb"},
    {file = "flake8_variables_names-0.0.5.tar.gz", hash = "sha256:30133e14ee2300e13a60393a00f74d98110c76070ac67d1ab91606f02824a7e1"},
]

[[package]]
name = "iniconfig"
version = "1.1.1"
description = "iniconfig: brain-dead simple config-ini parsing"
optional = false
python-versions = "*"
files = [
    {file = "iniconfig-1.1.1-py2.py3-none-any.whl", hash = "sha256:011e24c64b7f47f6ebd835bb12a743f2fbe9a26d4cecaa7f53bc4f35ee9da8b3"},
    {file = "iniconfig-1.1.1.tar.gz", hash = "sha256:bc3af051d7d14b2ee5ef9969666def0cd1a000e121eaea580d4a313df4b37f32"},
]

[[package]]
name = "loguru"
version = "0.7.0"
description = "Python logging made (stupidly) simple"
optional = false
python-versions = ">=3.5"
files = [
    {file = "loguru-0.7.0-py3-none-any.whl", hash = "sha256:b93aa30099fa6860d4727f1b81f8718e965bb96253fa190fab2077aaad6d15d3"},
    {file = "loguru-0.7.0.tar.gz", hash = "sha256:1612053ced6ae84d7959dd7d5e431a0532642237ec21f7fd83ac73fe539e03e1"},
]

[package.dependencies]
colorama = {version = ">=0.3.4", markers = "sys_platform == \"win32\""}
win32-setctime = {version = ">=1.0.0", markers = "sys_platform == \"win32\""}

[package.extras]
dev = ["Sphinx (==5.3.0)", "colorama (==0.4.5)", "colorama (==0.4.6)", "freezegun (==1.1.0)", "freezegun (==1.2.2)", "mypy (==v0.910)", "mypy (==v0.971)", "mypy (==v0.990)", "pre-commit (==3.2.1)", "pytest (==6.1.2)", "pytest (==7.2.1)", "pytest-cov (==2.12.1)", "pytest-cov (==4.0.0)", "pytest-mypy-plugins (==1.10.1)", "pytest-mypy-plugins (==1.9.3)", "sphinx-autobuild (==2021.3.14)", "sphinx-rtd-theme (==1.2.0)", "tox (==3.27.1)", "tox (==4.4.6)"]

[[package]]
name = "mccabe"
version = "0.7.0"
description = "McCabe checker, plugin for flake8"
optional = false
python-versions = ">=3.6"
files = [
    {file = "mccabe-0.7.0-py2.py3-none-any.whl", hash = "sha256:6c2d30ab6be0e4a46919781807b4f0d834ebdd6c6e3dca0bda5a15f863427b6e"},
    {file = "mccabe-0.7.0.tar.gz", hash = "sha256:348e0240c33b60bbdf4e523192ef919f28cb2c3d7d5c7794f74009290f236325"},
]

[[package]]
name = "packaging"
version = "21.3"
description = "Core utilities for Python packages"
optional = false
python-versions = ">=3.6"
files = [
    {file = "packaging-21.3-py3-none-any.whl", hash = "sha256:ef103e05f519cdc783ae24ea4e2e0f508a9c99b2d4969652eed6a2e1ea5bd522"},
    {file = "packaging-21.3.tar.gz", hash = "sha256:dd47c42927d89ab911e606518907cc2d3a1f38bbd026385970643f9c5b8ecfeb"},
]

[package.dependencies]
pyparsing = ">=2.0.2,<3.0.5 || >3.0.5"

[[package]]
name = "pluggy"
version = "1.0.0"
description = "plugin and hook calling mechanisms for python"
optional = false
python-versions = ">=3.6"
files = [
    {file = "pluggy-1.0.0-py2.py3-none-any.whl", hash = "sha256:74134bbf457f031a36d68416e1509f34bd5ccc019f0bcc952c7b909d06b37bd3"},
    {file = "pluggy-1.0.0.tar.gz", hash = "sha256:4224373bacce55f955a878bf9cfa763c1e360858e330072059e10bad68531159"},
]

[package.extras]
dev = ["pre-commit", "tox"]
testing = ["pytest", "pytest-benchmark"]

[[package]]
name = "pprintpp"
version = "0.4.0"
description = "A drop-in replacement for pprint that's actually pretty"
optional = false
python-versions = "*"
files = [
    {file = "pprintpp-0.4.0-py2.py3-none-any.whl", hash = "sha256:b6b4dcdd0c0c0d75e4d7b2f21a9e933e5b2ce62b26e1a54537f9651ae5a5c01d"},
    {file = "pprintpp-0.4.0.tar.gz", hash = "sha256:ea826108e2c7f49dc6d66c752973c3fc9749142a798d6b254e1e301cfdbc6403"},
]

[[package]]
name = "pycodestyle"
version = "2.11.0"
description = "Python style guide checker"
optional = false
python-versions = ">=3.8"
files = [
    {file = "pycodestyle-2.11.0-py2.py3-none-any.whl", hash = "sha256:5d1013ba8dc7895b548be5afb05740ca82454fd899971563d2ef625d090326f8"},
    {file = "pycodestyle-2.11.0.tar.gz", hash = "sha256:259bcc17857d8a8b3b4a2327324b79e5f020a13c16074670f9c8c8f872ea76d0"},
]

[[package]]
name = "pydocstyle"
version = "6.1.1"
description = "Python docstring style checker"
optional = false
python-versions = ">=3.6"
files = [
    {file = "pydocstyle-6.1.1-py3-none-any.whl", hash = "sha256:6987826d6775056839940041beef5c08cc7e3d71d63149b48e36727f70144dc4"},
    {file = "pydocstyle-6.1.1.tar.gz", hash = "sha256:1d41b7c459ba0ee6c345f2eb9ae827cab14a7533a88c5c6f7e94923f72df92dc"},
]

[package.dependencies]
snowballstemmer = "*"

[package.extras]
toml = ["toml"]

[[package]]
name = "pyflakes"
version = "3.1.0"
description = "passive checker of Python programs"
optional = false
python-versions = ">=3.8"
files = [
    {file = "pyflakes-3.1.0-py2.py3-none-any.whl", hash = "sha256:4132f6d49cb4dae6819e5379898f2b8cce3c5f23994194c24b77d5da2e36f774"},
    {file = "pyflakes-3.1.0.tar.gz", hash = "sha256:a0aae034c444db0071aa077972ba4768d40c830d9539fd45bf4cd3f8f6992efc"},
]

[[package]]
name = "pygments"
version = "2.15.0"
description = "Pygments is a syntax highlighting package written in Python."
optional = false
python-versions = ">=3.7"
files = [
    {file = "Pygments-2.15.0-py3-none-any.whl", hash = "sha256:77a3299119af881904cd5ecd1ac6a66214b6e9bed1f2db16993b54adede64094"},
    {file = "Pygments-2.15.0.tar.gz", hash = "sha256:f7e36cffc4c517fbc252861b9a6e4644ca0e5abadf9a113c72d1358ad09b9500"},
]

[package.extras]
plugins = ["importlib-metadata"]

[[package]]
name = "pyparsing"
version = "3.0.9"
description = "pyparsing module - Classes and methods to define and execute parsing grammars"
optional = false
python-versions = ">=3.6.8"
files = [
    {file = "pyparsing-3.0.9-py3-none-any.whl", hash = "sha256:5026bae9a10eeaefb61dab2f09052b9f4307d44aee4eda64b309723d8d206bbc"},
    {file = "pyparsing-3.0.9.tar.gz", hash = "sha256:2b020ecf7d21b687f219b71ecad3631f644a47f01403fa1d1036b0c6416d70fb"},
]

[package.extras]
diagrams = ["jinja2", "railroad-diagrams"]

[[package]]
name = "pytest"
version = "7.4.0"
description = "pytest: simple powerful testing with Python"
optional = false
python-versions = ">=3.7"
files = [
    {file = "pytest-7.4.0-py3-none-any.whl", hash = "sha256:78bf16451a2eb8c7a2ea98e32dc119fd2aa758f1d5d66dbf0a59d69a3969df32"},
    {file = "pytest-7.4.0.tar.gz", hash = "sha256:b4bf8c45bd59934ed84001ad51e11b4ee40d40a1229d2c79f9c592b0a3f6bd8a"},
]

[package.dependencies]
colorama = {version = "*", markers = "sys_platform == \"win32\""}
exceptiongroup = {version = ">=1.0.0rc8", markers = "python_version < \"3.11\""}
iniconfig = "*"
packaging = "*"
pluggy = ">=0.12,<2.0"
tomli = {version = ">=1.0.0", markers = "python_version < \"3.11\""}

[package.extras]
testing = ["argcomplete", "attrs (>=19.2.0)", "hypothesis (>=3.56)", "mock", "nose", "pygments (>=2.7.2)", "requests", "setuptools", "xmlschema"]

[[package]]
name = "pytest-clarity"
version = "1.0.1"
description = "A plugin providing an alternative, colourful diff output for failing assertions."
optional = false
python-versions = ">=2.7, !=3.0.*, !=3.1.*, !=3.2.*, !=3.3.*"
files = [
    {file = "pytest-clarity-1.0.1.tar.gz", hash = "sha256:505fe345fad4fe11c6a4187fe683f2c7c52c077caa1e135f3e483fe112db7772"},
]

[package.dependencies]
pprintpp = ">=0.4.0"
pytest = ">=3.5.0"
rich = ">=8.0.0"

[[package]]
name = "pytest-cov"
version = "4.1.0"
description = "Pytest plugin for measuring coverage."
optional = false
python-versions = ">=3.7"
files = [
    {file = "pytest-cov-4.1.0.tar.gz", hash = "sha256:3904b13dfbfec47f003b8e77fd5b589cd11904a21ddf1ab38a64f204d6a10ef6"},
    {file = "pytest_cov-4.1.0-py3-none-any.whl", hash = "sha256:6ba70b9e97e69fcc3fb45bfeab2d0a138fb65c4d0d6a41ef33983ad114be8c3a"},
]

[package.dependencies]
coverage = {version = ">=5.2.1", extras = ["toml"]}
pytest = ">=4.6"

[package.extras]
testing = ["fields", "hunter", "process-tests", "pytest-xdist", "six", "virtualenv"]

[[package]]
name = "pytest-mock"
version = "3.11.1"
description = "Thin-wrapper around the mock package for easier use with pytest"
optional = false
python-versions = ">=3.7"
files = [
    {file = "pytest-mock-3.11.1.tar.gz", hash = "sha256:7f6b125602ac6d743e523ae0bfa71e1a697a2f5534064528c6ff84c2f7c2fc7f"},
    {file = "pytest_mock-3.11.1-py3-none-any.whl", hash = "sha256:21c279fff83d70763b05f8874cc9cfb3fcacd6d354247a976f9529d19f9acf39"},
]

[package.dependencies]
pytest = ">=5.0"

[package.extras]
dev = ["pre-commit", "pytest-asyncio", "tox"]

[[package]]
name = "pytest-sugar"
version = "0.9.5"
description = "pytest-sugar is a plugin for pytest that changes the default look and feel of pytest (e.g. progressbar, show tests that fail instantly)."
optional = false
python-versions = "*"
files = [
    {file = "pytest-sugar-0.9.5.tar.gz", hash = "sha256:eea78b6f15b635277d3d90280cd386d8feea1cab0f9be75947a626e8b02b477d"},
    {file = "pytest_sugar-0.9.5-py2.py3-none-any.whl", hash = "sha256:3da42de32ce4e1e95b448d61c92804433f5d4058c0a765096991c2e93d5a289f"},
]

[package.dependencies]
packaging = ">=14.1"
pytest = ">=2.9"
termcolor = ">=1.1.0"

[[package]]
name = "python-dateutil"
version = "2.8.2"
description = "Extensions to the standard Python datetime module"
optional = false
python-versions = "!=3.0.*,!=3.1.*,!=3.2.*,>=2.7"
files = [
    {file = "python-dateutil-2.8.2.tar.gz", hash = "sha256:0123cacc1627ae19ddf3c27a5de5bd67ee4586fbdd6440d9748f8abb483d3e86"},
    {file = "python_dateutil-2.8.2-py2.py3-none-any.whl", hash = "sha256:961d03dc3453ebbc59dbdea9e4e11c5651520a876d0f4db161e8674aae935da9"},
]

[package.dependencies]
six = ">=1.5"

[[package]]
name = "rich"
version = "12.6.0"
description = "Render rich text, tables, progress bars, syntax highlighting, markdown and more to the terminal"
optional = false
python-versions = ">=3.6.3,<4.0.0"
files = [
    {file = "rich-12.6.0-py3-none-any.whl", hash = "sha256:a4eb26484f2c82589bd9a17c73d32a010b1e29d89f1604cd9bf3a2097b81bb5e"},
    {file = "rich-12.6.0.tar.gz", hash = "sha256:ba3a3775974105c221d31141f2c116f4fd65c5ceb0698657a11e9f295ec93fd0"},
]

[package.dependencies]
commonmark = ">=0.9.0,<0.10.0"
pygments = ">=2.6.0,<3.0.0"

[package.extras]
jupyter = ["ipywidgets (>=7.5.1,<8.0.0)"]

[[package]]
name = "setuptools"
version = "65.5.1"
description = "Easily download, build, install, upgrade, and uninstall Python packages"
optional = false
python-versions = ">=3.7"
files = [
    {file = "setuptools-65.5.1-py3-none-any.whl", hash = "sha256:d0b9a8433464d5800cbe05094acf5c6d52a91bfac9b52bcfc4d41382be5d5d31"},
    {file = "setuptools-65.5.1.tar.gz", hash = "sha256:e197a19aa8ec9722928f2206f8de752def0e4c9fc6953527360d1c36d94ddb2f"},
]

[package.extras]
docs = ["furo", "jaraco.packaging (>=9)", "jaraco.tidelift (>=1.4)", "pygments-github-lexers (==0.0.5)", "rst.linker (>=1.9)", "sphinx (>=3.5)", "sphinx-favicon", "sphinx-hoverxref (<2)", "sphinx-inline-tabs", "sphinx-notfound-page (==0.8.3)", "sphinx-reredirects", "sphinxcontrib-towncrier"]
testing = ["build[virtualenv]", "filelock (>=3.4.0)", "flake8 (<5)", "flake8-2020", "ini2toml[lite] (>=0.9)", "jaraco.envs (>=2.2)", "jaraco.path (>=3.2.0)", "pip (>=19.1)", "pip-run (>=8.8)", "pytest (>=6)", "pytest-black (>=0.3.7)", "pytest-checkdocs (>=2.4)", "pytest-cov", "pytest-enabler (>=1.3)", "pytest-flake8", "pytest-mypy (>=0.9.1)", "pytest-perf", "pytest-timeout", "pytest-xdist", "tomli-w (>=1.0.0)", "virtualenv (>=13.0.0)", "wheel"]
testing-integration = ["build[virtualenv]", "filelock (>=3.4.0)", "jaraco.envs (>=2.2)", "jaraco.path (>=3.2.0)", "pytest", "pytest-enabler", "pytest-xdist", "tomli", "virtualenv (>=13.0.0)", "wheel"]

[[package]]
name = "six"
version = "1.16.0"
description = "Python 2 and 3 compatibility utilities"
optional = false
python-versions = ">=2.7, !=3.0.*, !=3.1.*, !=3.2.*"
files = [
    {file = "six-1.16.0-py2.py3-none-any.whl", hash = "sha256:8abb2f1d86890a2dfb989f9a77cfcfd3e47c2a354b01111771326f8aa26e0254"},
    {file = "six-1.16.0.tar.gz", hash = "sha256:1e61c37477a1626458e36f7b1d82aa5c9b094fa4802892072e49de9c60c4c926"},
]

[[package]]
name = "snowballstemmer"
version = "2.2.0"
description = "This package provides 29 stemmers for 28 languages generated from Snowball algorithms."
optional = false
python-versions = "*"
files = [
    {file = "snowballstemmer-2.2.0-py2.py3-none-any.whl", hash = "sha256:c8e1716e83cc398ae16824e5572ae04e0d9fc2c6b985fb0f900f5f0c96ecba1a"},
    {file = "snowballstemmer-2.2.0.tar.gz", hash = "sha256:09b16deb8547d3412ad7b590689584cd0fe25ec8db3be37788be3810cbf19cb1"},
]

[[package]]
name = "termcolor"
version = "2.0.1"
description = "ANSI color formatting for output in terminal"
optional = false
python-versions = ">=3.7"
files = [
    {file = "termcolor-2.0.1-py3-none-any.whl", hash = "sha256:7e597f9de8e001a3208c4132938597413b9da45382b6f1d150cff8d062b7aaa3"},
    {file = "termcolor-2.0.1.tar.gz", hash = "sha256:6b2cf769e93364a2676e1de56a7c0cff2cf5bd07f37e9cc80b0dd6320ebfe388"},
]

[package.extras]
tests = ["pytest", "pytest-cov"]

[[package]]
name = "toml"
version = "0.10.2"
description = "Python Library for Tom's Obvious, Minimal Language"
optional = false
python-versions = ">=2.6, !=3.0.*, !=3.1.*, !=3.2.*"
files = [
    {file = "toml-0.10.2-py2.py3-none-any.whl", hash = "sha256:806143ae5bfb6a3c6e736a764057db0e6a0e05e338b5630894a5f779cabb4f9b"},
    {file = "toml-0.10.2.tar.gz", hash = "sha256:b3bda1d108d5dd99f4a20d24d9c348e91c4db7ab1b749200bded2f839ccbe68f"},
]

[[package]]
name = "tomli"
version = "2.0.1"
description = "A lil' TOML parser"
optional = false
python-versions = ">=3.7"
files = [
    {file = "tomli-2.0.1-py3-none-any.whl", hash = "sha256:939de3e7a6161af0c887ef91b7d41a53e7c5a1ca976325f429cb46ea9bc30ecc"},
    {file = "tomli-2.0.1.tar.gz", hash = "sha256:de526c12914f0c550d15924c62d72abc48d6fe7364aa87328337a31007fe8a4f"},
]

[[package]]
name = "win32-setctime"
version = "1.1.0"
description = "A small Python utility to set file creation time on Windows"
optional = false
python-versions = ">=3.5"
files = [
    {file = "win32_setctime-1.1.0-py3-none-any.whl", hash = "sha256:231db239e959c2fe7eb1d7dc129f11172354f98361c4fa2d6d2d7e278baa8aad"},
    {file = "win32_setctime-1.1.0.tar.gz", hash = "sha256:15cf5750465118d6929ae4de4eb46e8edae9a5634350c01ba582df868e932cb2"},
]

[package.extras]
dev = ["black (>=19.3b0)", "pytest (>=4.6.2)"]

[metadata]
lock-version = "2.0"
python-versions = "^3.9"
content-hash = "73f7b0cfdecc4ef469a3db6a57a02dad00482ef55c3f41fc73b5ff2b5f8021aa"
