# This file is automatically @generated by Poetry and should not be changed by hand.

[[package]]
name = "astpretty"
version = "3.0.0"
description = "Pretty print the output of python stdlib `ast.parse`."
category = "dev"
optional = false
python-versions = ">=3.8"
files = [
    {file = "astpretty-3.0.0-py2.py3-none-any.whl", hash = "sha256:15bfd47593667169485a1fa7938b8de9445b11057d6f2b6e214b2f70667f94b6"},
    {file = "astpretty-3.0.0.tar.gz", hash = "sha256:b08c95f32e5994454ea99882ff3c4a0afc8254c38998a0ed4b479dba448dc581"},
]

[[package]]
name = "attrs"
version = "22.1.0"
description = "Classes Without Boilerplate"
category = "dev"
optional = false
python-versions = ">=3.5"
files = [
    {file = "attrs-22.1.0-py2.py3-none-any.whl", hash = "sha256:86efa402f67bf2df34f51a335487cf46b1ec130d02b8d39fd248abfd30da551c"},
    {file = "attrs-22.1.0.tar.gz", hash = "sha256:29adc2665447e5191d0e7c568fde78b21f9672d344281d0c6e1ab085429b22b6"},
]

[package.extras]
dev = ["cloudpickle", "coverage[toml] (>=5.0.2)", "furo", "hypothesis", "mypy (>=0.900,!=0.940)", "pre-commit", "pympler", "pytest (>=4.3.0)", "pytest-mypy-plugins", "sphinx", "sphinx-notfound-page", "zope.interface"]
docs = ["furo", "sphinx", "sphinx-notfound-page", "zope.interface"]
tests = ["cloudpickle", "coverage[toml] (>=5.0.2)", "hypothesis", "mypy (>=0.900,!=0.940)", "pympler", "pytest (>=4.3.0)", "pytest-mypy-plugins", "zope.interface"]
tests-no-zope = ["cloudpickle", "coverage[toml] (>=5.0.2)", "hypothesis", "mypy (>=0.900,!=0.940)", "pympler", "pytest (>=4.3.0)", "pytest-mypy-plugins"]

[[package]]
name = "autopep8"
version = "2.0.0"
description = "A tool that automatically formats Python code to conform to the PEP 8 style guide"
category = "dev"
optional = false
python-versions = "*"
files = [
    {file = "autopep8-2.0.0-py2.py3-none-any.whl", hash = "sha256:ad924b42c2e27a1ac58e432166cc4588f5b80747de02d0d35b1ecbd3e7d57207"},
    {file = "autopep8-2.0.0.tar.gz", hash = "sha256:8b1659c7f003e693199f52caffdc06585bb0716900bbc6a7442fd931d658c077"},
]

[package.dependencies]
pycodestyle = ">=2.9.1"
tomli = "*"

[[package]]
name = "cognitive-complexity"
version = "1.3.0"
description = "Library to calculate Python functions cognitive complexity via code"
category = "dev"
optional = false
python-versions = ">=3.6"
files = [
    {file = "cognitive_complexity-1.3.0.tar.gz", hash = "sha256:a0cfbd47dee0b19f4056f892389f501694b205c3af69fb703cc744541e03dde5"},
]

[package.dependencies]
setuptools = "*"

[[package]]
name = "colorama"
version = "0.4.5"
description = "Cross-platform colored terminal text."
category = "main"
optional = false
python-versions = ">=2.7, !=3.0.*, !=3.1.*, !=3.2.*, !=3.3.*, !=3.4.*"
files = [
    {file = "colorama-0.4.5-py2.py3-none-any.whl", hash = "sha256:854bf444933e37f5824ae7bfc1e98d5bce2ebe4160d46b5edf346a89358e99da"},
    {file = "colorama-0.4.5.tar.gz", hash = "sha256:e6c6b4334fc50988a639d9b98aa429a0b57da6e17b9a44f0451f930b6967b7a4"},
]

[[package]]
name = "commonmark"
version = "0.9.1"
description = "Python parser for the CommonMark Markdown spec"
category = "dev"
optional = false
python-versions = "*"
files = [
    {file = "commonmark-0.9.1-py2.py3-none-any.whl", hash = "sha256:da2f38c92590f83de410ba1a3cbceafbc74fee9def35f9251ba9a971d6d66fd9"},
    {file = "commonmark-0.9.1.tar.gz", hash = "sha256:452f9dc859be7f06631ddcb328b6919c67984aca654e5fefb3914d54691aed60"},
]

[package.extras]
test = ["flake8 (==3.7.8)", "hypothesis (==3.55.3)"]

[[package]]
name = "coverage"
version = "7.2.0"
description = "Code coverage measurement for Python"
category = "dev"
optional = false
python-versions = ">=3.7"
files = [
    {file = "coverage-7.2.0-cp310-cp310-macosx_10_9_x86_64.whl", hash = "sha256:90e7a4cbbb7b1916937d380beb1315b12957b8e895d7d9fb032e2038ac367525"},
    {file = "coverage-7.2.0-cp310-cp310-macosx_11_0_arm64.whl", hash = "sha256:34d7211be69b215ad92298a962b2cd5a4ef4b17c7871d85e15d3d1b6dc8d8c96"},
    {file = "coverage-7.2.0-cp310-cp310-manylinux_2_17_aarch64.manylinux2014_aarch64.whl", hash = "sha256:971b49dbf713044c3e5f6451b39f65615d4d1c1d9a19948fa0f41b0245a98765"},
    {file = "coverage-7.2.0-cp310-cp310-manylinux_2_5_i686.manylinux1_i686.manylinux_2_17_i686.manylinux2014_i686.whl", hash = "sha256:f0557289260125a6c453ad5673ba79e5b6841d9a20c9e101f758bfbedf928a77"},
    {file = "coverage-7.2.0-cp310-cp310-manylinux_2_5_x86_64.manylinux1_x86_64.manylinux_2_17_x86_64.manylinux2014_x86_64.whl", hash = "sha256:049806ae2df69468c130f04f0fab4212c46b34ba5590296281423bb1ae379df2"},
    {file = "coverage-7.2.0-cp310-cp310-musllinux_1_1_aarch64.whl", hash = "sha256:875b03d92ac939fbfa8ae74a35b2c468fc4f070f613d5b1692f9980099a3a210"},
    {file = "coverage-7.2.0-cp310-cp310-musllinux_1_1_i686.whl", hash = "sha256:c160e34e388277f10c50dc2c7b5e78abe6d07357d9fe7fcb2f3c156713fd647e"},
    {file = "coverage-7.2.0-cp310-cp310-musllinux_1_1_x86_64.whl", hash = "sha256:32e6a730fd18b2556716039ab93278ccebbefa1af81e6aa0c8dba888cf659e6e"},
    {file = "coverage-7.2.0-cp310-cp310-win32.whl", hash = "sha256:f3ff4205aff999164834792a3949f82435bc7c7655c849226d5836c3242d7451"},
    {file = "coverage-7.2.0-cp310-cp310-win_amd64.whl", hash = "sha256:93db11da6e728587e943dff8ae1b739002311f035831b6ecdb15e308224a4247"},
    {file = "coverage-7.2.0-cp311-cp311-macosx_10_9_x86_64.whl", hash = "sha256:cd38140b56538855d3d5722c6d1b752b35237e7ea3f360047ce57f3fade82d98"},
    {file = "coverage-7.2.0-cp311-cp311-macosx_11_0_arm64.whl", hash = "sha256:9dbb21561b0e04acabe62d2c274f02df0d715e8769485353ddf3cf84727e31ce"},
    {file = "coverage-7.2.0-cp311-cp311-manylinux_2_17_aarch64.manylinux2014_aarch64.whl", hash = "sha256:171dd3aa71a49274a7e4fc26f5bc167bfae5a4421a668bc074e21a0522a0af4b"},
    {file = "coverage-7.2.0-cp311-cp311-manylinux_2_5_i686.manylinux1_i686.manylinux_2_17_i686.manylinux2014_i686.whl", hash = "sha256:4655ecd813f4ba44857af3e9cffd133ab409774e9d2a7d8fdaf4fdfd2941b789"},
    {file = "coverage-7.2.0-cp311-cp311-manylinux_2_5_x86_64.manylinux1_x86_64.manylinux_2_17_x86_64.manylinux2014_x86_64.whl", hash = "sha256:1856a8c4aa77eb7ca0d42c996d0ca395ecafae658c1432b9da4528c429f2575c"},
    {file = "coverage-7.2.0-cp311-cp311-musllinux_1_1_aarch64.whl", hash = "sha256:bd67df6b48db18c10790635060858e2ea4109601e84a1e9bfdd92e898dc7dc79"},
    {file = "coverage-7.2.0-cp311-cp311-musllinux_1_1_i686.whl", hash = "sha256:2d7daf3da9c7e0ed742b3e6b4de6cc464552e787b8a6449d16517b31bbdaddf5"},
    {file = "coverage-7.2.0-cp311-cp311-musllinux_1_1_x86_64.whl", hash = "sha256:bf9e02bc3dee792b9d145af30db8686f328e781bd212fdef499db5e9e4dd8377"},
    {file = "coverage-7.2.0-cp311-cp311-win32.whl", hash = "sha256:3713a8ec18781fda408f0e853bf8c85963e2d3327c99a82a22e5c91baffcb934"},
    {file = "coverage-7.2.0-cp311-cp311-win_amd64.whl", hash = "sha256:88ae5929f0ef668b582fd7cad09b5e7277f50f912183cf969b36e82a1c26e49a"},
    {file = "coverage-7.2.0-cp37-cp37m-macosx_10_9_x86_64.whl", hash = "sha256:5e29a64e9586194ea271048bc80c83cdd4587830110d1e07b109e6ff435e5dbc"},
    {file = "coverage-7.2.0-cp37-cp37m-manylinux_2_17_aarch64.manylinux2014_aarch64.whl", hash = "sha256:8d5302eb84c61e758c9d68b8a2f93a398b272073a046d07da83d77b0edc8d76b"},
    {file = "coverage-7.2.0-cp37-cp37m-manylinux_2_5_i686.manylinux1_i686.manylinux_2_17_i686.manylinux2014_i686.whl", hash = "sha256:2c9fffbc39dc4a6277e1525cab06c161d11ee3995bbc97543dc74fcec33e045b"},
    {file = "coverage-7.2.0-cp37-cp37m-manylinux_2_5_x86_64.manylinux1_x86_64.manylinux_2_17_x86_64.manylinux2014_x86_64.whl", hash = "sha256:a6ceeab5fca62bca072eba6865a12d881f281c74231d2990f8a398226e1a5d96"},
    {file = "coverage-7.2.0-cp37-cp37m-musllinux_1_1_aarch64.whl", hash = "sha256:28563a35ef4a82b5bc5160a01853ce62b9fceee00760e583ffc8acf9e3413753"},
    {file = "coverage-7.2.0-cp37-cp37m-musllinux_1_1_i686.whl", hash = "sha256:bfa065307667f1c6e1f4c3e13f415b0925e34e56441f5fda2c84110a4a1d8bda"},
    {file = "coverage-7.2.0-cp37-cp37m-musllinux_1_1_x86_64.whl", hash = "sha256:7f992b32286c86c38f07a8b5c3fc88384199e82434040a729ec06b067ee0d52c"},
    {file = "coverage-7.2.0-cp37-cp37m-win32.whl", hash = "sha256:2c15bd09fd5009f3a79c8b3682b52973df29761030b692043f9834fc780947c4"},
    {file = "coverage-7.2.0-cp37-cp37m-win_amd64.whl", hash = "sha256:f332d61fbff353e2ef0f3130a166f499c3fad3a196e7f7ae72076d41a6bfb259"},
    {file = "coverage-7.2.0-cp38-cp38-macosx_10_9_x86_64.whl", hash = "sha256:577a8bc40c01ad88bb9ab1b3a1814f2f860ff5c5099827da2a3cafc5522dadea"},
    {file = "coverage-7.2.0-cp38-cp38-macosx_11_0_arm64.whl", hash = "sha256:9240a0335365c29c968131bdf624bb25a8a653a9c0d8c5dbfcabf80b59c1973c"},
    {file = "coverage-7.2.0-cp38-cp38-manylinux_2_17_aarch64.manylinux2014_aarch64.whl", hash = "sha256:358d3bce1468f298b19a3e35183bdb13c06cdda029643537a0cc37e55e74e8f1"},
    {file = "coverage-7.2.0-cp38-cp38-manylinux_2_5_i686.manylinux1_i686.manylinux_2_17_i686.manylinux2014_i686.whl", hash = "sha256:932048364ff9c39030c6ba360c31bf4500036d4e15c02a2afc5a76e7623140d4"},
    {file = "coverage-7.2.0-cp38-cp38-manylinux_2_5_x86_64.manylinux1_x86_64.manylinux_2_17_x86_64.manylinux2014_x86_64.whl", hash = "sha256:7efa21611ffc91156e6f053997285c6fe88cfef3fb7533692d0692d2cb30c846"},
    {file = "coverage-7.2.0-cp38-cp38-musllinux_1_1_aarch64.whl", hash = "sha256:465ea431c3b78a87e32d7d9ea6d081a1003c43a442982375cf2c247a19971961"},
    {file = "coverage-7.2.0-cp38-cp38-musllinux_1_1_i686.whl", hash = "sha256:0f03c229f1453b936916f68a47b3dfb5e84e7ad48e160488168a5e35115320c8"},
    {file = "coverage-7.2.0-cp38-cp38-musllinux_1_1_x86_64.whl", hash = "sha256:40785553d68c61e61100262b73f665024fd2bb3c6f0f8e2cd5b13e10e4df027b"},
    {file = "coverage-7.2.0-cp38-cp38-win32.whl", hash = "sha256:b09dd7bef59448c66e6b490cc3f3c25c14bc85d4e3c193b81a6204be8dd355de"},
    {file = "coverage-7.2.0-cp38-cp38-win_amd64.whl", hash = "sha256:dc4f9a89c82faf6254d646180b2e3aa4daf5ff75bdb2c296b9f6a6cf547e26a7"},
    {file = "coverage-7.2.0-cp39-cp39-macosx_10_9_x86_64.whl", hash = "sha256:c243b25051440386179591a8d5a5caff4484f92c980fb6e061b9559da7cc3f64"},
    {file = "coverage-7.2.0-cp39-cp39-macosx_11_0_arm64.whl", hash = "sha256:4b8fd32f85b256fc096deeb4872aeb8137474da0c0351236f93cbedc359353d6"},
    {file = "coverage-7.2.0-cp39-cp39-manylinux_2_17_aarch64.manylinux2014_aarch64.whl", hash = "sha256:d7f2a7df523791e6a63b40360afa6792a11869651307031160dc10802df9a252"},
    {file = "coverage-7.2.0-cp39-cp39-manylinux_2_5_i686.manylinux1_i686.manylinux_2_17_i686.manylinux2014_i686.whl", hash = "sha256:da32526326e8da0effb452dc32a21ffad282c485a85a02aeff2393156f69c1c3"},
    {file = "coverage-7.2.0-cp39-cp39-manylinux_2_5_x86_64.manylinux1_x86_64.manylinux_2_17_x86_64.manylinux2014_x86_64.whl", hash = "sha256:4c1153a6156715db9d6ae8283480ae67fb67452aa693a56d7dae9ffe8f7a80da"},
    {file = "coverage-7.2.0-cp39-cp39-musllinux_1_1_aarch64.whl", hash = "sha256:74cd60fa00f46f28bd40048d6ca26bd58e9bee61d2b0eb4ec18cea13493c003f"},
    {file = "coverage-7.2.0-cp39-cp39-musllinux_1_1_i686.whl", hash = "sha256:59a427f8a005aa7254074719441acb25ac2c2f60c1f1026d43f846d4254c1c2f"},
    {file = "coverage-7.2.0-cp39-cp39-musllinux_1_1_x86_64.whl", hash = "sha256:c3c4beddee01c8125a75cde3b71be273995e2e9ec08fbc260dd206b46bb99969"},
    {file = "coverage-7.2.0-cp39-cp39-win32.whl", hash = "sha256:08e3dd256b8d3e07bb230896c8c96ec6c5dffbe5a133ba21f8be82b275b900e8"},
    {file = "coverage-7.2.0-cp39-cp39-win_amd64.whl", hash = "sha256:ad12c74c6ce53a027f5a5ecbac9be20758a41c85425c1bbab7078441794b04ee"},
    {file = "coverage-7.2.0-pp37.pp38.pp39-none-any.whl", hash = "sha256:ffa637a2d5883298449a5434b699b22ef98dd8e2ef8a1d9e60fa9cfe79813411"},
    {file = "coverage-7.2.0.tar.gz", hash = "sha256:9cc9c41aa5af16d845b53287051340c363dd03b7ef408e45eec3af52be77810d"},
]

[package.dependencies]
tomli = {version = "*", optional = true, markers = "python_full_version <= \"3.11.0a6\" and extra == \"toml\""}

[package.extras]
toml = ["tomli"]

[[package]]
name = "coverage-threshold"
version = "0.4.4"
description = "Tools for coverage threshold limits"
category = "dev"
optional = false
python-versions = ">=3.7"
files = [
    {file = "coverage_threshold-0.4.4-py3-none-any.whl", hash = "sha256:0668e63470ff918fe989af6a4917bfe133e663d25970a306dd0693a3f377f2fb"},
    {file = "coverage_threshold-0.4.4.tar.gz", hash = "sha256:bfd521df1c730e8e34ed66fe95dfa8f079760e763c611cabe84b0779e007898a"},
]

[package.dependencies]
toml = ">=0.10.2"

[[package]]
name = "exceptiongroup"
version = "1.0.4"
description = "Backport of PEP 654 (exception groups)"
category = "dev"
optional = false
python-versions = ">=3.7"
files = [
    {file = "exceptiongroup-1.0.4-py3-none-any.whl", hash = "sha256:542adf9dea4055530d6e1279602fa5cb11dab2395fa650b8674eaec35fc4a828"},
    {file = "exceptiongroup-1.0.4.tar.gz", hash = "sha256:bd14967b79cd9bdb54d97323216f8fdf533e278df937aa2a90089e7d6e06e5ec"},
]

[package.extras]
test = ["pytest (>=6)"]

[[package]]
name = "faker"
version = "18.9.0"
description = "Faker is a Python package that generates fake data for you."
category = "dev"
optional = false
python-versions = ">=3.7"
files = [
    {file = "Faker-18.9.0-py3-none-any.whl", hash = "sha256:defe9ed618a67ebf0f3eb1895e198c2355a7128a09087a6dce342ef2253263ea"},
    {file = "Faker-18.9.0.tar.gz", hash = "sha256:80a5ea1464556c06b98bf47ea3adc7f33811a1182518d847860b1874080bd3c9"},
]

[package.dependencies]
python-dateutil = ">=2.4"

[[package]]
name = "flake8"
version = "6.0.0"
description = "the modular source code checker: pep8 pyflakes and co"
category = "dev"
optional = false
python-versions = ">=3.8.1"
files = [
    {file = "flake8-6.0.0-py2.py3-none-any.whl", hash = "sha256:3833794e27ff64ea4e9cf5d410082a8b97ff1a06c16aa3d2027339cd0f1195c7"},
    {file = "flake8-6.0.0.tar.gz", hash = "sha256:c61007e76655af75e6785a931f452915b371dc48f56efd765247c8fe68f2b181"},
]

[package.dependencies]
mccabe = ">=0.7.0,<0.8.0"
pycodestyle = ">=2.10.0,<2.11.0"
pyflakes = ">=3.0.0,<3.1.0"

[[package]]
name = "flake8-annotations-complexity"
version = "0.0.7"
description = "A flake8 extension that checks for type annotations complexity"
category = "dev"
optional = false
python-versions = ">=3.7"
files = [
    {file = "flake8_annotations_complexity-0.0.7-py3-none-any.whl", hash = "sha256:a1410f5b964927032471ce99932d1670d28ea323b50400b45cc14575be070508"},
    {file = "flake8_annotations_complexity-0.0.7.tar.gz", hash = "sha256:2ecd93375e3dee0d4e11e476087a52fa985c47bc049015ff04a9de38fc0c4dfd"},
]

[package.dependencies]
flake8 = "*"

[[package]]
name = "flake8-blind-except"
version = "0.2.1"
description = "A flake8 extension that checks for blind except: statements"
category = "dev"
optional = false
python-versions = "*"
files = [
    {file = "flake8-blind-except-0.2.1.tar.gz", hash = "sha256:f25a575a9dcb3eeb3c760bf9c22db60b8b5a23120224ed1faa9a43f75dd7dd16"},
]

[[package]]
name = "flake8-bugbear"
version = "23.5.9"
description = "A plugin for flake8 finding likely bugs and design problems in your program. Contains warnings that don't belong in pyflakes and pycodestyle."
category = "dev"
optional = false
python-versions = ">=3.8.1"
files = [
    {file = "flake8-bugbear-23.5.9.tar.gz", hash = "sha256:695c84a5d7da54eb35d79a7354dbaf3aaba80de32250608868aa1c85534b2a86"},
    {file = "flake8_bugbear-23.5.9-py3-none-any.whl", hash = "sha256:631fa927fbc799e8ca636b849dd7dfc304812287137b6ecb3277821f028bee40"},
]

[package.dependencies]
attrs = ">=19.2.0"
flake8 = ">=6.0.0"

[package.extras]
dev = ["coverage", "hypothesis", "hypothesmith (>=0.2)", "pre-commit", "pytest", "tox"]

[[package]]
name = "flake8-builtins"
version = "2.1.0"
description = "Check for python builtins being used as variables or parameters."
category = "dev"
optional = false
python-versions = ">=3.7"
files = [
    {file = "flake8-builtins-2.1.0.tar.gz", hash = "sha256:12ff1ee96dd4e1f3141141ee6c45a5c7d3b3c440d0949e9b8d345c42b39c51d4"},
    {file = "flake8_builtins-2.1.0-py3-none-any.whl", hash = "sha256:469e8f03d6d0edf4b1e62b6d5a97dce4598592c8a13ec8f0952e7a185eba50a1"},
]

[package.dependencies]
flake8 = "*"

[package.extras]
test = ["pytest"]

[[package]]
name = "flake8-cognitive-complexity"
version = "0.1.0"
description = "An extension for flake8 that validates cognitive functions complexity"
category = "dev"
optional = false
python-versions = ">=3.6"
files = [
    {file = "flake8_cognitive_complexity-0.1.0.tar.gz", hash = "sha256:f202df054e4f6ff182b659c261922b9c684628a47beb19cb0973c50d6a7831c1"},
]

[package.dependencies]
cognitive_complexity = "*"
setuptools = "*"

[[package]]
name = "flake8-comprehensions"
version = "3.12.0"
description = "A flake8 plugin to help you write better list/set/dict comprehensions."
category = "dev"
optional = false
python-versions = ">=3.7"
files = [
    {file = "flake8_comprehensions-3.12.0-py3-none-any.whl", hash = "sha256:013234637ec7dfcb7cd2900578fb53c512f81db909cefe371c019232695c362d"},
    {file = "flake8_comprehensions-3.12.0.tar.gz", hash = "sha256:419ef1a6e8de929203791a5e8ff5e3906caeba13eb3290eebdbf88a9078d502e"},
]

[package.dependencies]
flake8 = ">=3.0,<3.2.0 || >3.2.0"

[[package]]
name = "flake8-docstrings"
version = "1.7.0"
description = "Extension for flake8 which uses pydocstyle to check docstrings"
category = "dev"
optional = false
python-versions = ">=3.7"
files = [
    {file = "flake8_docstrings-1.7.0-py2.py3-none-any.whl", hash = "sha256:51f2344026da083fc084166a9353f5082b01f72901df422f74b4d953ae88ac75"},
    {file = "flake8_docstrings-1.7.0.tar.gz", hash = "sha256:4c8cc748dc16e6869728699e5d0d685da9a10b0ea718e090b1ba088e67a941af"},
]

[package.dependencies]
flake8 = ">=3"
pydocstyle = ">=2.1"

[[package]]
name = "flake8-expression-complexity"
version = "0.0.11"
description = "A flake8 extension that checks expressions complexity"
category = "dev"
optional = false
python-versions = ">=3.7"
files = [
    {file = "flake8_expression_complexity-0.0.11-py3-none-any.whl", hash = "sha256:b56bac37f7dd5d3d102a7111c89f6579c2cbd897b868147794c9ed12aadc627c"},
    {file = "flake8_expression_complexity-0.0.11.tar.gz", hash = "sha256:4dd8909fecbc20f53814cdcef9d0b04f61532764278d9b6e8026686812e96631"},
]

[package.dependencies]
astpretty = "*"
flake8 = "*"

[[package]]
name = "flake8-mutable"
version = "1.2.0"
description = "mutable defaults flake8 extension"
category = "dev"
optional = false
python-versions = "*"
files = [
    {file = "flake8-mutable-1.2.0.tar.gz", hash = "sha256:ee9b77111b867d845177bbc289d87d541445ffcc6029a0c5c65865b42b18c6a6"},
    {file = "flake8_mutable-1.2.0-py2-none-any.whl", hash = "sha256:38fd9dadcbcda6550a916197bc40ed76908119dabb37fbcca30873666c31d2d5"},
]

[package.dependencies]
flake8 = "*"

[[package]]
name = "flake8-plugin-utils"
version = "1.3.2"
description = "The package provides base classes and utils for flake8 plugin writing"
category = "dev"
optional = false
python-versions = ">=3.6,<4.0"
files = [
    {file = "flake8-plugin-utils-1.3.2.tar.gz", hash = "sha256:20fa2a8ca2decac50116edb42e6af0a1253ef639ad79941249b840531889c65a"},
    {file = "flake8_plugin_utils-1.3.2-py3-none-any.whl", hash = "sha256:1fe43e3e9acf3a7c0f6b88f5338cad37044d2f156c43cb6b080b5f9da8a76f06"},
]

[[package]]
name = "flake8-polyfill"
version = "1.0.2"
description = "Polyfill package for Flake8 plugins"
category = "dev"
optional = false
python-versions = "*"
files = [
    {file = "flake8-polyfill-1.0.2.tar.gz", hash = "sha256:e44b087597f6da52ec6393a709e7108b2905317d0c0b744cdca6208e670d8eda"},
    {file = "flake8_polyfill-1.0.2-py2.py3-none-any.whl", hash = "sha256:12be6a34ee3ab795b19ca73505e7b55826d5f6ad7230d31b18e106400169b9e9"},
]

[package.dependencies]
flake8 = "*"

[[package]]
name = "flake8-pytest-style"
version = "1.7.0"
description = "A flake8 plugin checking common style issues or inconsistencies with pytest-based tests."
category = "dev"
optional = false
python-versions = ">=3.7.2,<4.0.0"
files = [
    {file = "flake8_pytest_style-1.7.0-py3-none-any.whl", hash = "sha256:b8a08ee7778426f9e1adb9fc054be73e5593a639aa785907b43ef6f51368a0d0"},
    {file = "flake8_pytest_style-1.7.0.tar.gz", hash = "sha256:211920ad66f436b39afd9c4e386e83b0312ef47e33d8b9d339873a0a3695ebf9"},
]

[package.dependencies]
flake8-plugin-utils = ">=1.3.2,<2.0.0"

[[package]]
name = "flake8-spellcheck"
version = "0.28.0"
description = "Spellcheck variables, comments and docstrings"
category = "dev"
optional = false
python-versions = ">=3.8"
files = [
    {file = "flake8-spellcheck-0.28.0.tar.gz", hash = "sha256:6fb79724f27097af0b4c678c7eaf731f0d87cf4c1eae7fbd7836c1c78d67e12c"},
    {file = "flake8_spellcheck-0.28.0-py3-none-any.whl", hash = "sha256:a0a37164b9175819b143ce0f0a8d2475457af3f0d77cd8423b0daf204662ee72"},
]

[package.dependencies]
flake8 = ">3.0.0"

[[package]]
name = "flake8-variables-names"
version = "0.0.5"
description = "A flake8 extension that helps to make more readable variables names"
category = "dev"
optional = false
python-versions = ">=3.7"
files = [
    {file = "flake8_variables_names-0.0.5-py3-none-any.whl", hash = "sha256:e3277031696bbe10b5132b49938cde1d70fcae9561533b7bd7ab8e69cb27addb"},
    {file = "flake8_variables_names-0.0.5.tar.gz", hash = "sha256:30133e14ee2300e13a60393a00f74d98110c76070ac67d1ab91606f02824a7e1"},
]

[[package]]
name = "iniconfig"
version = "1.1.1"
description = "iniconfig: brain-dead simple config-ini parsing"
category = "dev"
optional = false
python-versions = "*"
files = [
    {file = "iniconfig-1.1.1-py2.py3-none-any.whl", hash = "sha256:011e24c64b7f47f6ebd835bb12a743f2fbe9a26d4cecaa7f53bc4f35ee9da8b3"},
    {file = "iniconfig-1.1.1.tar.gz", hash = "sha256:bc3af051d7d14b2ee5ef9969666def0cd1a000e121eaea580d4a313df4b37f32"},
]

[[package]]
name = "loguru"
version = "0.7.0"
description = "Python logging made (stupidly) simple"
category = "main"
optional = false
python-versions = ">=3.5"
files = [
    {file = "loguru-0.7.0-py3-none-any.whl", hash = "sha256:b93aa30099fa6860d4727f1b81f8718e965bb96253fa190fab2077aaad6d15d3"},
    {file = "loguru-0.7.0.tar.gz", hash = "sha256:1612053ced6ae84d7959dd7d5e431a0532642237ec21f7fd83ac73fe539e03e1"},
]

[package.dependencies]
colorama = {version = ">=0.3.4", markers = "sys_platform == \"win32\""}
win32-setctime = {version = ">=1.0.0", markers = "sys_platform == \"win32\""}

[package.extras]
dev = ["Sphinx (==5.3.0)", "colorama (==0.4.5)", "colorama (==0.4.6)", "freezegun (==1.1.0)", "freezegun (==1.2.2)", "mypy (==v0.910)", "mypy (==v0.971)", "mypy (==v0.990)", "pre-commit (==3.2.1)", "pytest (==6.1.2)", "pytest (==7.2.1)", "pytest-cov (==2.12.1)", "pytest-cov (==4.0.0)", "pytest-mypy-plugins (==1.10.1)", "pytest-mypy-plugins (==1.9.3)", "sphinx-autobuild (==2021.3.14)", "sphinx-rtd-theme (==1.2.0)", "tox (==3.27.1)", "tox (==4.4.6)"]

[[package]]
name = "mccabe"
version = "0.7.0"
description = "McCabe checker, plugin for flake8"
category = "dev"
optional = false
python-versions = ">=3.6"
files = [
    {file = "mccabe-0.7.0-py2.py3-none-any.whl", hash = "sha256:6c2d30ab6be0e4a46919781807b4f0d834ebdd6c6e3dca0bda5a15f863427b6e"},
    {file = "mccabe-0.7.0.tar.gz", hash = "sha256:348e0240c33b60bbdf4e523192ef919f28cb2c3d7d5c7794f74009290f236325"},
]

[[package]]
name = "packaging"
version = "21.3"
description = "Core utilities for Python packages"
category = "dev"
optional = false
python-versions = ">=3.6"
files = [
    {file = "packaging-21.3-py3-none-any.whl", hash = "sha256:ef103e05f519cdc783ae24ea4e2e0f508a9c99b2d4969652eed6a2e1ea5bd522"},
    {file = "packaging-21.3.tar.gz", hash = "sha256:dd47c42927d89ab911e606518907cc2d3a1f38bbd026385970643f9c5b8ecfeb"},
]

[package.dependencies]
pyparsing = ">=2.0.2,<3.0.5 || >3.0.5"

[[package]]
name = "pluggy"
version = "1.0.0"
description = "plugin and hook calling mechanisms for python"
category = "dev"
optional = false
python-versions = ">=3.6"
files = [
    {file = "pluggy-1.0.0-py2.py3-none-any.whl", hash = "sha256:74134bbf457f031a36d68416e1509f34bd5ccc019f0bcc952c7b909d06b37bd3"},
    {file = "pluggy-1.0.0.tar.gz", hash = "sha256:4224373bacce55f955a878bf9cfa763c1e360858e330072059e10bad68531159"},
]

[package.extras]
dev = ["pre-commit", "tox"]
testing = ["pytest", "pytest-benchmark"]

[[package]]
name = "pprintpp"
version = "0.4.0"
description = "A drop-in replacement for pprint that's actually pretty"
category = "dev"
optional = false
python-versions = "*"
files = [
    {file = "pprintpp-0.4.0-py2.py3-none-any.whl", hash = "sha256:b6b4dcdd0c0c0d75e4d7b2f21a9e933e5b2ce62b26e1a54537f9651ae5a5c01d"},
    {file = "pprintpp-0.4.0.tar.gz", hash = "sha256:ea826108e2c7f49dc6d66c752973c3fc9749142a798d6b254e1e301cfdbc6403"},
]

[[package]]
name = "pycodestyle"
version = "2.10.0"
description = "Python style guide checker"
category = "dev"
optional = false
python-versions = ">=3.6"
files = [
    {file = "pycodestyle-2.10.0-py2.py3-none-any.whl", hash = "sha256:8a4eaf0d0495c7395bdab3589ac2db602797d76207242c17d470186815706610"},
    {file = "pycodestyle-2.10.0.tar.gz", hash = "sha256:347187bdb476329d98f695c213d7295a846d1152ff4fe9bacb8a9590b8ee7053"},
]

[[package]]
name = "pydocstyle"
version = "6.1.1"
description = "Python docstring style checker"
category = "dev"
optional = false
python-versions = ">=3.6"
files = [
    {file = "pydocstyle-6.1.1-py3-none-any.whl", hash = "sha256:6987826d6775056839940041beef5c08cc7e3d71d63149b48e36727f70144dc4"},
    {file = "pydocstyle-6.1.1.tar.gz", hash = "sha256:1d41b7c459ba0ee6c345f2eb9ae827cab14a7533a88c5c6f7e94923f72df92dc"},
]

[package.dependencies]
snowballstemmer = "*"

[package.extras]
toml = ["toml"]

[[package]]
name = "pyflakes"
version = "3.0.0"
description = "passive checker of Python programs"
category = "dev"
optional = false
python-versions = ">=3.6"
files = [
    {file = "pyflakes-3.0.0-py2.py3-none-any.whl", hash = "sha256:e38cbaa285564388a9622d7e440445d40c508d8fbf96e0c0f3ef28e47d8ba8a2"},
    {file = "pyflakes-3.0.0.tar.gz", hash = "sha256:12da339341ba8b9071e185d4717bef732fdb4f4400b9f4a1d0d6bbc362bf7760"},
]

[[package]]
name = "pygments"
version = "2.13.0"
description = "Pygments is a syntax highlighting package written in Python."
category = "dev"
optional = false
python-versions = ">=3.6"
files = [
    {file = "Pygments-2.13.0-py3-none-any.whl", hash = "sha256:f643f331ab57ba3c9d89212ee4a2dabc6e94f117cf4eefde99a0574720d14c42"},
    {file = "Pygments-2.13.0.tar.gz", hash = "sha256:56a8508ae95f98e2b9bdf93a6be5ae3f7d8af858b43e02c5a2ff083726be40c1"},
]

[package.extras]
plugins = ["importlib-metadata"]

[[package]]
name = "pyparsing"
version = "3.0.9"
description = "pyparsing module - Classes and methods to define and execute parsing grammars"
category = "dev"
optional = false
python-versions = ">=3.6.8"
files = [
    {file = "pyparsing-3.0.9-py3-none-any.whl", hash = "sha256:5026bae9a10eeaefb61dab2f09052b9f4307d44aee4eda64b309723d8d206bbc"},
    {file = "pyparsing-3.0.9.tar.gz", hash = "sha256:2b020ecf7d21b687f219b71ecad3631f644a47f01403fa1d1036b0c6416d70fb"},
]

[package.extras]
diagrams = ["jinja2", "railroad-diagrams"]

[[package]]
name = "pytest"
version = "7.3.0"
description = "pytest: simple powerful testing with Python"
category = "dev"
optional = false
python-versions = ">=3.7"
files = [
    {file = "pytest-7.3.0-py3-none-any.whl", hash = "sha256:933051fa1bfbd38a21e73c3960cebdad4cf59483ddba7696c48509727e17f201"},
    {file = "pytest-7.3.0.tar.gz", hash = "sha256:58ecc27ebf0ea643ebfdf7fb1249335da761a00c9f955bcd922349bcb68ee57d"},
]

[package.dependencies]
colorama = {version = "*", markers = "sys_platform == \"win32\""}
exceptiongroup = {version = ">=1.0.0rc8", markers = "python_version < \"3.11\""}
iniconfig = "*"
packaging = "*"
pluggy = ">=0.12,<2.0"
tomli = {version = ">=1.0.0", markers = "python_version < \"3.11\""}

[package.extras]
testing = ["argcomplete", "attrs (>=19.2.0)", "hypothesis (>=3.56)", "mock", "nose", "pygments (>=2.7.2)", "requests", "xmlschema"]

[[package]]
name = "pytest-clarity"
version = "1.0.1"
description = "A plugin providing an alternative, colourful diff output for failing assertions."
category = "dev"
optional = false
python-versions = ">=2.7, !=3.0.*, !=3.1.*, !=3.2.*, !=3.3.*"
files = [
    {file = "pytest-clarity-1.0.1.tar.gz", hash = "sha256:505fe345fad4fe11c6a4187fe683f2c7c52c077caa1e135f3e483fe112db7772"},
]

[package.dependencies]
pprintpp = ">=0.4.0"
pytest = ">=3.5.0"
rich = ">=8.0.0"

[[package]]
name = "pytest-cov"
version = "4.0.0"
description = "Pytest plugin for measuring coverage."
category = "dev"
optional = false
python-versions = ">=3.6"
files = [
    {file = "pytest-cov-4.0.0.tar.gz", hash = "sha256:996b79efde6433cdbd0088872dbc5fb3ed7fe1578b68cdbba634f14bb8dd0470"},
    {file = "pytest_cov-4.0.0-py3-none-any.whl", hash = "sha256:2feb1b751d66a8bd934e5edfa2e961d11309dc37b73b0eabe73b5945fee20f6b"},
]

[package.dependencies]
coverage = {version = ">=5.2.1", extras = ["toml"]}
pytest = ">=4.6"

[package.extras]
testing = ["fields", "hunter", "process-tests", "pytest-xdist", "six", "virtualenv"]

[[package]]
name = "pytest-mock"
version = "3.10.0"
description = "Thin-wrapper around the mock package for easier use with pytest"
category = "dev"
optional = false
python-versions = ">=3.7"
files = [
    {file = "pytest-mock-3.10.0.tar.gz", hash = "sha256:fbbdb085ef7c252a326fd8cdcac0aa3b1333d8811f131bdcc701002e1be7ed4f"},
    {file = "pytest_mock-3.10.0-py3-none-any.whl", hash = "sha256:f4c973eeae0282963eb293eb173ce91b091a79c1334455acfac9ddee8a1c784b"},
]

[package.dependencies]
pytest = ">=5.0"

[package.extras]
dev = ["pre-commit", "pytest-asyncio", "tox"]

[[package]]
name = "pytest-sugar"
version = "0.9.5"
description = "pytest-sugar is a plugin for pytest that changes the default look and feel of pytest (e.g. progressbar, show tests that fail instantly)."
category = "dev"
optional = false
python-versions = "*"
files = [
    {file = "pytest-sugar-0.9.5.tar.gz", hash = "sha256:eea78b6f15b635277d3d90280cd386d8feea1cab0f9be75947a626e8b02b477d"},
    {file = "pytest_sugar-0.9.5-py2.py3-none-any.whl", hash = "sha256:3da42de32ce4e1e95b448d61c92804433f5d4058c0a765096991c2e93d5a289f"},
]

[package.dependencies]
packaging = ">=14.1"
pytest = ">=2.9"
termcolor = ">=1.1.0"

[[package]]
name = "python-dateutil"
version = "2.8.2"
description = "Extensions to the standard Python datetime module"
category = "dev"
optional = false
python-versions = "!=3.0.*,!=3.1.*,!=3.2.*,>=2.7"
files = [
    {file = "python-dateutil-2.8.2.tar.gz", hash = "sha256:0123cacc1627ae19ddf3c27a5de5bd67ee4586fbdd6440d9748f8abb483d3e86"},
    {file = "python_dateutil-2.8.2-py2.py3-none-any.whl", hash = "sha256:961d03dc3453ebbc59dbdea9e4e11c5651520a876d0f4db161e8674aae935da9"},
]

[package.dependencies]
six = ">=1.5"

[[package]]
name = "rich"
version = "12.6.0"
description = "Render rich text, tables, progress bars, syntax highlighting, markdown and more to the terminal"
category = "dev"
optional = false
python-versions = ">=3.6.3,<4.0.0"
files = [
    {file = "rich-12.6.0-py3-none-any.whl", hash = "sha256:a4eb26484f2c82589bd9a17c73d32a010b1e29d89f1604cd9bf3a2097b81bb5e"},
    {file = "rich-12.6.0.tar.gz", hash = "sha256:ba3a3775974105c221d31141f2c116f4fd65c5ceb0698657a11e9f295ec93fd0"},
]

[package.dependencies]
commonmark = ">=0.9.0,<0.10.0"
pygments = ">=2.6.0,<3.0.0"

[package.extras]
jupyter = ["ipywidgets (>=7.5.1,<8.0.0)"]

[[package]]
name = "setuptools"
version = "65.5.1"
description = "Easily download, build, install, upgrade, and uninstall Python packages"
category = "dev"
optional = false
python-versions = ">=3.7"
files = [
    {file = "setuptools-65.5.1-py3-none-any.whl", hash = "sha256:d0b9a8433464d5800cbe05094acf5c6d52a91bfac9b52bcfc4d41382be5d5d31"},
    {file = "setuptools-65.5.1.tar.gz", hash = "sha256:e197a19aa8ec9722928f2206f8de752def0e4c9fc6953527360d1c36d94ddb2f"},
]

[package.extras]
docs = ["furo", "jaraco.packaging (>=9)", "jaraco.tidelift (>=1.4)", "pygments-github-lexers (==0.0.5)", "rst.linker (>=1.9)", "sphinx (>=3.5)", "sphinx-favicon", "sphinx-hoverxref (<2)", "sphinx-inline-tabs", "sphinx-notfound-page (==0.8.3)", "sphinx-reredirects", "sphinxcontrib-towncrier"]
testing = ["build[virtualenv]", "filelock (>=3.4.0)", "flake8 (<5)", "flake8-2020", "ini2toml[lite] (>=0.9)", "jaraco.envs (>=2.2)", "jaraco.path (>=3.2.0)", "pip (>=19.1)", "pip-run (>=8.8)", "pytest (>=6)", "pytest-black (>=0.3.7)", "pytest-checkdocs (>=2.4)", "pytest-cov", "pytest-enabler (>=1.3)", "pytest-flake8", "pytest-mypy (>=0.9.1)", "pytest-perf", "pytest-timeout", "pytest-xdist", "tomli-w (>=1.0.0)", "virtualenv (>=13.0.0)", "wheel"]
testing-integration = ["build[virtualenv]", "filelock (>=3.4.0)", "jaraco.envs (>=2.2)", "jaraco.path (>=3.2.0)", "pytest", "pytest-enabler", "pytest-xdist", "tomli", "virtualenv (>=13.0.0)", "wheel"]

[[package]]
name = "six"
version = "1.16.0"
description = "Python 2 and 3 compatibility utilities"
category = "dev"
optional = false
python-versions = ">=2.7, !=3.0.*, !=3.1.*, !=3.2.*"
files = [
    {file = "six-1.16.0-py2.py3-none-any.whl", hash = "sha256:8abb2f1d86890a2dfb989f9a77cfcfd3e47c2a354b01111771326f8aa26e0254"},
    {file = "six-1.16.0.tar.gz", hash = "sha256:1e61c37477a1626458e36f7b1d82aa5c9b094fa4802892072e49de9c60c4c926"},
]

[[package]]
name = "snowballstemmer"
version = "2.2.0"
description = "This package provides 29 stemmers for 28 languages generated from Snowball algorithms."
category = "dev"
optional = false
python-versions = "*"
files = [
    {file = "snowballstemmer-2.2.0-py2.py3-none-any.whl", hash = "sha256:c8e1716e83cc398ae16824e5572ae04e0d9fc2c6b985fb0f900f5f0c96ecba1a"},
    {file = "snowballstemmer-2.2.0.tar.gz", hash = "sha256:09b16deb8547d3412ad7b590689584cd0fe25ec8db3be37788be3810cbf19cb1"},
]

[[package]]
name = "termcolor"
version = "2.0.1"
description = "ANSI color formatting for output in terminal"
category = "dev"
optional = false
python-versions = ">=3.7"
files = [
    {file = "termcolor-2.0.1-py3-none-any.whl", hash = "sha256:7e597f9de8e001a3208c4132938597413b9da45382b6f1d150cff8d062b7aaa3"},
    {file = "termcolor-2.0.1.tar.gz", hash = "sha256:6b2cf769e93364a2676e1de56a7c0cff2cf5bd07f37e9cc80b0dd6320ebfe388"},
]

[package.extras]
tests = ["pytest", "pytest-cov"]

[[package]]
name = "toml"
version = "0.10.2"
description = "Python Library for Tom's Obvious, Minimal Language"
category = "dev"
optional = false
python-versions = ">=2.6, !=3.0.*, !=3.1.*, !=3.2.*"
files = [
    {file = "toml-0.10.2-py2.py3-none-any.whl", hash = "sha256:806143ae5bfb6a3c6e736a764057db0e6a0e05e338b5630894a5f779cabb4f9b"},
    {file = "toml-0.10.2.tar.gz", hash = "sha256:b3bda1d108d5dd99f4a20d24d9c348e91c4db7ab1b749200bded2f839ccbe68f"},
]

[[package]]
name = "tomli"
version = "2.0.1"
description = "A lil' TOML parser"
category = "dev"
optional = false
python-versions = ">=3.7"
files = [
    {file = "tomli-2.0.1-py3-none-any.whl", hash = "sha256:939de3e7a6161af0c887ef91b7d41a53e7c5a1ca976325f429cb46ea9bc30ecc"},
    {file = "tomli-2.0.1.tar.gz", hash = "sha256:de526c12914f0c550d15924c62d72abc48d6fe7364aa87328337a31007fe8a4f"},
]

[[package]]
name = "win32-setctime"
version = "1.1.0"
description = "A small Python utility to set file creation time on Windows"
category = "main"
optional = false
python-versions = ">=3.5"
files = [
    {file = "win32_setctime-1.1.0-py3-none-any.whl", hash = "sha256:231db239e959c2fe7eb1d7dc129f11172354f98361c4fa2d6d2d7e278baa8aad"},
    {file = "win32_setctime-1.1.0.tar.gz", hash = "sha256:15cf5750465118d6929ae4de4eb46e8edae9a5634350c01ba582df868e932cb2"},
]

[package.extras]
dev = ["black (>=19.3b0)", "pytest (>=4.6.2)"]

[metadata]
lock-version = "2.0"
python-versions = "^3.9"
content-hash = "d4b7bc336f3f8eef1724218d5f5dcd21b472941a989b468d8528e66b0fdac5c4"
